{
    "version": 3,
    "terraform_version": "0.11.7",
    "serial": 2,
    "lineage": "872c308a-bfe1-6053-52c7-958650a553ec",
    "modules": [
        {
            "path": [
                "root"
            ],
            "outputs": {},
            "resources": {
                "aws_instance.example": {
                    "type": "aws_instance",
                    "depends_on": [],
                    "primary": {
                        "id": "i-0004cc35d68ce8d76",
                        "attributes": {
                            "ami": "ami-0af6f794ec2d5ff13",
                            "arn": "arn:aws:ec2:us-east-1:727355228479:instance/i-0004cc35d68ce8d76",
                            "associate_public_ip_address": "true",
                            "availability_zone": "us-east-1a",
                            "cpu_core_count": "1",
                            "cpu_threads_per_core": "1",
                            "credit_specification.#": "1",
                            "credit_specification.0.cpu_credits": "standard",
                            "disable_api_termination": "false",
                            "ebs_block_device.#": "0",
                            "ebs_optimized": "false",
                            "ephemeral_block_device.#": "0",
                            "get_password_data": "false",
                            "iam_instance_profile": "",
                            "id": "i-0004cc35d68ce8d76",
                            "instance_state": "running",
                            "instance_type": "t2.small",
                            "ipv6_addresses.#": "0",
                            "key_name": "",
                            "monitoring": "false",
                            "network_interface.#": "0",
                            "network_interface_id": "eni-065ac00b280e7bff5",
                            "password_data": "",
                            "placement_group": "",
                            "primary_network_interface_id": "eni-065ac00b280e7bff5",
                            "private_dns": "ip-172-31-32-185.ec2.internal",
                            "private_ip": "172.31.32.185",
                            "public_dns": "ec2-107-23-33-109.compute-1.amazonaws.com",
                            "public_ip": "107.23.33.109",
                            "root_block_device.#": "1",
                            "root_block_device.0.delete_on_termination": "false",
                            "root_block_device.0.iops": "123",
                            "root_block_device.0.volume_id": "vol-0c1a4941ecc026d37",
                            "root_block_device.0.volume_size": "41",
                            "root_block_device.0.volume_type": "gp2",
                            "security_groups.#": "1",
                            "security_groups.3814588639": "default",
                            "source_dest_check": "true",
                            "subnet_id": "subnet-0bb00af16995ee41c",
                            "tags.%": "0",
                            "tenancy": "default",
                            "volume_tags.%": "0",
                            "vpc_security_group_ids.#": "1",
                            "vpc_security_group_ids.676623401": "sg-054657a3443e33ff6"
                        },
                        "meta": {
                            "e2bfb730-ecaa-11e6-8f88-34363bc7c4c0": {
                                "create": 600000000000,
                                "delete": 1200000000000,
                                "update": 600000000000
                            },
                            "schema_version": "1"
                        },
                        "tainted": false
                    },
                    "deposed": [],
                    "provider": "provider.aws"
                }
            },
            "depends_on": []
        }
    ]
}
