{
    "version": 3,
    "terraform_version": "0.11.7",
    "serial": 32,
    "lineage": "872c308a-bfe1-6053-52c7-958650a553ec",
    "modules": [
        {
            "path": [
                "root"
            ],
            "outputs": {
                "ip": {
                    "sensitive": false,
                    "type": "string",
                    "value": "34.239.113.167"
                }
            },
            "resources": {
                "aws_instance.bastion1": {
                    "type": "aws_instance",
                    "depends_on": [
                        "aws_security_group.access",
                        "aws_subnet.default"
                    ],
                    "primary": {
                        "id": "i-0542957aabac64884",
                        "attributes": {
                            "ami": "ami-0af6f794ec2d5ff13",
                            "arn": "arn:aws:ec2:us-east-1:727355228479:instance/i-0542957aabac64884",
                            "associate_public_ip_address": "true",
                            "availability_zone": "us-east-1c",
                            "cpu_core_count": "1",
                            "cpu_threads_per_core": "1",
                            "credit_specification.#": "1",
                            "credit_specification.0.cpu_credits": "standard",
                            "disable_api_termination": "false",
                            "ebs_block_device.#": "0",
                            "ebs_optimized": "false",
                            "ephemeral_block_device.#": "0",
                            "get_password_data": "false",
                            "iam_instance_profile": "",
                            "id": "i-0542957aabac64884",
                            "instance_state": "running",
                            "instance_type": "t2.small",
                            "ipv6_addresses.#": "0",
                            "key_name": "terraform",
                            "monitoring": "false",
                            "network_interface.#": "0",
                            "network_interface_id": "eni-036661abcdd4336ba",
                            "password_data": "",
                            "placement_group": "",
                            "primary_network_interface_id": "eni-036661abcdd4336ba",
                            "private_dns": "ip-10-10-1-235.ec2.internal",
                            "private_ip": "10.10.1.235",
                            "public_dns": "",
                            "public_ip": "34.239.113.167",
                            "root_block_device.#": "1",
                            "root_block_device.0.delete_on_termination": "false",
                            "root_block_device.0.iops": "123",
                            "root_block_device.0.volume_id": "vol-034a0db76671152a9",
                            "root_block_device.0.volume_size": "41",
                            "root_block_device.0.volume_type": "gp2",
                            "security_groups.#": "0",
                            "source_dest_check": "true",
                            "subnet_id": "subnet-08a671a214c00d531",
                            "tags.%": "2",
                            "tags.Name": "sdunne-bastion1",
                            "tags.Owner": "sdunne@redhat.com",
                            "tenancy": "default",
                            "volume_tags.%": "0",
                            "vpc_security_group_ids.#": "1",
                            "vpc_security_group_ids.2335926889": "sg-09788ca6dbb0d2182"
                        },
                        "meta": {
                            "e2bfb730-ecaa-11e6-8f88-34363bc7c4c0": {
                                "create": 600000000000,
                                "delete": 1200000000000,
                                "update": 600000000000
                            },
                            "schema_version": "1"
                        },
                        "tainted": false
                    },
                    "deposed": [],
                    "provider": "provider.aws"
                },
                "aws_instance.master1": {
                    "type": "aws_instance",
                    "depends_on": [
                        "aws_security_group.access",
                        "aws_subnet.default"
                    ],
                    "primary": {
                        "id": "i-0cd482c6c0b672853",
                        "attributes": {
                            "ami": "ami-0af6f794ec2d5ff13",
                            "arn": "arn:aws:ec2:us-east-1:727355228479:instance/i-0cd482c6c0b672853",
                            "associate_public_ip_address": "false",
                            "availability_zone": "us-east-1c",
                            "cpu_core_count": "1",
                            "cpu_threads_per_core": "1",
                            "credit_specification.#": "1",
                            "credit_specification.0.cpu_credits": "standard",
                            "disable_api_termination": "false",
                            "ebs_block_device.#": "0",
                            "ebs_optimized": "false",
                            "ephemeral_block_device.#": "0",
                            "get_password_data": "false",
                            "iam_instance_profile": "",
                            "id": "i-0cd482c6c0b672853",
                            "instance_state": "running",
                            "instance_type": "t2.small",
                            "ipv6_addresses.#": "0",
                            "key_name": "terraform",
                            "monitoring": "false",
                            "network_interface.#": "0",
                            "network_interface_id": "eni-0ee8b3de774190be4",
                            "password_data": "",
                            "placement_group": "",
                            "primary_network_interface_id": "eni-0ee8b3de774190be4",
                            "private_dns": "ip-10-10-1-109.ec2.internal",
                            "private_ip": "10.10.1.109",
                            "public_dns": "",
                            "public_ip": "",
                            "root_block_device.#": "1",
                            "root_block_device.0.delete_on_termination": "false",
                            "root_block_device.0.iops": "123",
                            "root_block_device.0.volume_id": "vol-07dee15e17762813e",
                            "root_block_device.0.volume_size": "41",
                            "root_block_device.0.volume_type": "gp2",
                            "security_groups.#": "0",
                            "source_dest_check": "true",
                            "subnet_id": "subnet-08a671a214c00d531",
                            "tags.%": "2",
                            "tags.Name": "sdunne-master1",
                            "tags.Owner": "sdunne@redhat.com",
                            "tenancy": "default",
                            "volume_tags.%": "0",
                            "vpc_security_group_ids.#": "1",
                            "vpc_security_group_ids.2335926889": "sg-09788ca6dbb0d2182"
                        },
                        "meta": {
                            "e2bfb730-ecaa-11e6-8f88-34363bc7c4c0": {
                                "create": 600000000000,
                                "delete": 1200000000000,
                                "update": 600000000000
                            },
                            "schema_version": "1"
                        },
                        "tainted": false
                    },
                    "deposed": [],
                    "provider": "provider.aws"
                },
                "aws_internet_gateway.default": {
                    "type": "aws_internet_gateway",
                    "depends_on": [
                        "aws_vpc.default"
                    ],
                    "primary": {
                        "id": "igw-05dcf7d63cad18d39",
                        "attributes": {
                            "id": "igw-05dcf7d63cad18d39",
                            "tags.%": "1",
                            "tags.Name": "sdunne-igw1",
                            "vpc_id": "vpc-0e4e5980a7365eb8c"
                        },
                        "meta": {},
                        "tainted": false
                    },
                    "deposed": [],
                    "provider": "provider.aws"
                },
                "aws_key_pair.auth": {
                    "type": "aws_key_pair",
                    "depends_on": [],
                    "primary": {
                        "id": "terraform",
                        "attributes": {
                            "fingerprint": "0d:c7:76:a1:f7:15:1b:e7:60:d9:31:21:1d:53:87:4a",
                            "id": "terraform",
                            "key_name": "terraform",
                            "public_key": "ssh-rsa AAAAB3NzaC1yc2EAAAADAQABAAABAQDT/xSZc4mcZVo+FgSlff/cda5Dj4+Vuly9n3PTMoyFzl5gc8cdTQakFqHij3CjN3DO/N1uXlpLHy+MVvJi2qDqbRaApggQZB3AD/BcadBB3hkkcj2HoN/+CpaLV460RjudvlnT6pO89aWr7Lcii4dJKuM87Y9ZTB7WXjAIiuMjBFHhydppz4lCRAdYNE1iJBBkXQ7IvUb1YruWLSPBA8b6XcdPLgE0tk+/MdsOg/QtgewzWi45tqZylK99A8LpIcgbSQgfvNMl8AomgBucDlH8Bc8RIu3u1yDaoADoaITI57MEmoaRiI54MY79k0wc3g4GDCdqX+EpdM3CZEo+bDl1 sdunne@x1cg6.sdunne.net"
                        },
                        "meta": {
                            "schema_version": "1"
                        },
                        "tainted": false
                    },
                    "deposed": [],
                    "provider": "provider.aws"
                },
                "aws_route.internet_access": {
                    "type": "aws_route",
                    "depends_on": [
                        "aws_internet_gateway.default",
                        "aws_vpc.default"
                    ],
                    "primary": {
                        "id": "r-rtb-07388431b9eb6df881080289494",
                        "attributes": {
                            "destination_cidr_block": "0.0.0.0/0",
                            "destination_prefix_list_id": "",
                            "egress_only_gateway_id": "",
                            "gateway_id": "igw-05dcf7d63cad18d39",
                            "id": "r-rtb-07388431b9eb6df881080289494",
                            "instance_id": "",
                            "instance_owner_id": "",
                            "nat_gateway_id": "",
                            "network_interface_id": "",
                            "origin": "CreateRoute",
                            "route_table_id": "rtb-07388431b9eb6df88",
                            "state": "active",
                            "vpc_peering_connection_id": ""
                        },
                        "meta": {
                            "e2bfb730-ecaa-11e6-8f88-34363bc7c4c0": {
                                "create": 120000000000,
                                "delete": 300000000000
                            }
                        },
                        "tainted": false
                    },
                    "deposed": [],
                    "provider": "provider.aws"
                },
                "aws_security_group.access": {
                    "type": "aws_security_group",
                    "depends_on": [
                        "aws_vpc.default"
                    ],
                    "primary": {
                        "id": "sg-09788ca6dbb0d2182",
                        "attributes": {
                            "arn": "arn:aws:ec2:us-east-1:727355228479:security-group/sg-09788ca6dbb0d2182",
                            "description": "Used in the terraform",
                            "egress.#": "1",
                            "egress.482069346.cidr_blocks.#": "1",
                            "egress.482069346.cidr_blocks.0": "0.0.0.0/0",
                            "egress.482069346.description": "",
                            "egress.482069346.from_port": "0",
                            "egress.482069346.ipv6_cidr_blocks.#": "0",
                            "egress.482069346.prefix_list_ids.#": "0",
                            "egress.482069346.protocol": "-1",
                            "egress.482069346.security_groups.#": "0",
                            "egress.482069346.self": "false",
                            "egress.482069346.to_port": "0",
                            "id": "sg-09788ca6dbb0d2182",
                            "ingress.#": "1",
                            "ingress.2541437006.cidr_blocks.#": "1",
                            "ingress.2541437006.cidr_blocks.0": "0.0.0.0/0",
                            "ingress.2541437006.description": "",
                            "ingress.2541437006.from_port": "22",
                            "ingress.2541437006.ipv6_cidr_blocks.#": "0",
                            "ingress.2541437006.prefix_list_ids.#": "0",
                            "ingress.2541437006.protocol": "tcp",
                            "ingress.2541437006.security_groups.#": "0",
                            "ingress.2541437006.self": "false",
                            "ingress.2541437006.to_port": "22",
                            "name": "sdunne_sg_bastion",
                            "owner_id": "727355228479",
                            "revoke_rules_on_delete": "false",
                            "tags.%": "0",
                            "vpc_id": "vpc-0e4e5980a7365eb8c"
                        },
                        "meta": {
                            "e2bfb730-ecaa-11e6-8f88-34363bc7c4c0": {
                                "create": 600000000000,
                                "delete": 600000000000
                            },
                            "schema_version": "1"
                        },
                        "tainted": false
                    },
                    "deposed": [],
                    "provider": "provider.aws"
                },
                "aws_subnet.default": {
                    "type": "aws_subnet",
                    "depends_on": [
                        "aws_vpc.default"
                    ],
                    "primary": {
                        "id": "subnet-08a671a214c00d531",
                        "attributes": {
                            "arn": "arn:aws:ec2:us-east-1:727355228479:subnet/subnet-08a671a214c00d531",
                            "assign_ipv6_address_on_creation": "false",
                            "availability_zone": "us-east-1c",
                            "cidr_block": "10.10.1.0/24",
                            "id": "subnet-08a671a214c00d531",
                            "map_public_ip_on_launch": "false",
                            "tags.%": "1",
                            "tags.Name": "sdunne-sub1",
                            "vpc_id": "vpc-0e4e5980a7365eb8c"
                        },
                        "meta": {
                            "e2bfb730-ecaa-11e6-8f88-34363bc7c4c0": {
                                "create": 600000000000,
                                "delete": 600000000000
                            },
                            "schema_version": "1"
                        },
                        "tainted": false
                    },
                    "deposed": [],
                    "provider": "provider.aws"
                },
                "aws_vpc.default": {
                    "type": "aws_vpc",
                    "depends_on": [],
                    "primary": {
                        "id": "vpc-0e4e5980a7365eb8c",
                        "attributes": {
                            "arn": "arn:aws:ec2:us-east-1:727355228479:vpc/vpc-0e4e5980a7365eb8c",
                            "assign_generated_ipv6_cidr_block": "false",
                            "cidr_block": "10.10.0.0/16",
                            "default_network_acl_id": "acl-013930dba25b86f1f",
                            "default_route_table_id": "rtb-07388431b9eb6df88",
                            "default_security_group_id": "sg-0ba882cfb6d264e39",
                            "dhcp_options_id": "dopt-0c836869",
                            "enable_classiclink": "false",
                            "enable_classiclink_dns_support": "false",
                            "enable_dns_hostnames": "false",
                            "enable_dns_support": "true",
                            "id": "vpc-0e4e5980a7365eb8c",
                            "instance_tenancy": "default",
                            "ipv6_association_id": "",
                            "ipv6_cidr_block": "",
                            "main_route_table_id": "rtb-07388431b9eb6df88",
                            "tags.%": "2",
                            "tags.Name": "sdunne-vpc1",
                            "tags.Owner": "sdunne@redhat.com"
                        },
                        "meta": {
                            "schema_version": "1"
                        },
                        "tainted": false
                    },
                    "deposed": [],
                    "provider": "provider.aws"
                }
            },
            "depends_on": []
        }
    ]
}
